
Microsoft Visual Studio Solution File, Format Version 12.00
# Visual Studio Version 16
VisualStudioVersion = 16.0.30104.148
MinimumVisualStudioVersion = 10.0.40219.1
Project("{9A19103F-16F7-4668-BE54-9A1E7A4F7556}") = "MemberService.Api", "MemberService.Api\MemberService.Api.csproj", "{E235A722-E16D-4030-96CF-784CD0C84B0F}"
EndProject
Project("{9A19103F-16F7-4668-BE54-9A1E7A4F7556}") = "MemberService.SystemTests", "MemberService.SystemTests\MemberService.SystemTests.csproj", "{FEEC52D7-FFE1-4767-A9C2-98B7DBB67BD4}"
EndProject
Global
	GlobalSection(SolutionConfigurationPlatforms) = preSolution
		Debug|Any CPU = Debug|Any CPU
		Release|Any CPU = Release|Any CPU
	EndGlobalSection
	GlobalSection(ProjectConfigurationPlatforms) = postSolution
		{E235A722-E16D-4030-96CF-784CD0C84B0F}.Debug|Any CPU.ActiveCfg = Debug|Any CPU
		{E235A722-E16D-4030-96CF-784CD0C84B0F}.Debug|Any CPU.Build.0 = Debug|Any CPU
		{E235A722-E16D-4030-96CF-784CD0C84B0F}.Release|Any CPU.ActiveCfg = Release|Any CPU
		{E235A722-E16D-4030-96CF-784CD0C84B0F}.Release|Any CPU.Build.0 = Release|Any CPU
		{FEEC52D7-FFE1-4767-A9C2-98B7DBB67BD4}.Debug|Any CPU.ActiveCfg = Debug|Any CPU
		{FEEC52D7-FFE1-4767-A9C2-98B7DBB67BD4}.Debug|Any CPU.Build.0 = Debug|Any CPU
		{FEEC52D7-FFE1-4767-A9C2-98B7DBB67BD4}.Release|Any CPU.ActiveCfg = Release|Any CPU
		{FEEC52D7-FFE1-4767-A9C2-98B7DBB67BD4}.Release|Any CPU.Build.0 = Release|Any CPU
	EndGlobalSection
	GlobalSection(SolutionProperties) = preSolution
		HideSolutionNode = FALSE
	EndGlobalSection
	GlobalSection(ExtensibilityGlobals) = postSolution
		SolutionGuid = {84EA612E-084D-439B-AB59-DC3F75110663}
	EndGlobalSection
EndGlobal
